
Microsoft Visual Studio Solution File, Format Version 12.00
# Visual Studio Version 17
VisualStudioVersion = 17.6.33815.320
MinimumVisualStudioVersion = 10.0.40219.1
Project("{FAE04EC0-301F-11D3-BF4B-00C04F79EFBC}") = "Testing", "Testing\Testing.csproj", "{A44BC4A1-E5F5-470E-BC04-D46A122D179E}"
EndProject
Global
	GlobalSection(SolutionConfigurationPlatforms) = preSolution
		Debug|Any CPU = Debug|Any CPU
		Release|Any CPU = Release|Any CPU
	EndGlobalSection
	GlobalSection(ProjectConfigurationPlatforms) = postSolution
		{A44BC4A1-E5F5-470E-BC04-D46A122D179E}.Debug|Any CPU.ActiveCfg = Debug|Any CPU
		{A44BC4A1-E5F5-470E-BC04-D46A122D179E}.Debug|Any CPU.Build.0 = Debug|Any CPU
		{A44BC4A1-E5F5-470E-BC04-D46A122D179E}.Release|Any CPU.ActiveCfg = Release|Any CPU
		{A44BC4A1-E5F5-470E-BC04-D46A122D179E}.Release|Any CPU.Build.0 = Release|Any CPU
	EndGlobalSection
	GlobalSection(SolutionProperties) = preSolution
		HideSolutionNode = FALSE
	EndGlobalSection
	GlobalSection(ExtensibilityGlobals) = postSolution
		SolutionGuid = {D268E273-9BFC-4FD4-8B1F-0732156FD867}
	EndGlobalSection
EndGlobal
